
Microsoft Visual Studio Solution File, Format Version 12.00
# Visual Studio Version 17
VisualStudioVersion = 17.14.36623.8
MinimumVisualStudioVersion = 10.0.40219.1
Project("{FAE04EC0-301F-11D3-BF4B-00C04F79EFBC}") = "VSTO.Word", "VSTO.Word\VSTO.Word.csproj", "{33AA993C-F670-4F94-A90C-0F1FFD9D8251}"
	ProjectSection(ProjectDependencies) = postProject
		{63B0FFD6-CB91-41EA-96DD-14E0350A760E} = {63B0FFD6-CB91-41EA-96DD-14E0350A760E}
	EndProjectSection
EndProject
Project("{FAE04EC0-301F-11D3-BF4B-00C04F79EFBC}") = "VSTO.Forms", "VSTO.Forms\VSTO.Forms.csproj", "{398201AF-2D2C-4FEC-B619-327F4E73E4BF}"
	ProjectSection(ProjectDependencies) = postProject
		{AB0E390A-99EC-41AB-B1AB-EBD1BE5DD3E3} = {AB0E390A-99EC-41AB-B1AB-EBD1BE5DD3E3}
	EndProjectSection
EndProject
Project("{FAE04EC0-301F-11D3-BF4B-00C04F79EFBC}") = "VSTO.Common", "VSTO.Common\VSTO.Common.csproj", "{AB0E390A-99EC-41AB-B1AB-EBD1BE5DD3E3}"
	ProjectSection(ProjectDependencies) = postProject
		{63B0FFD6-CB91-41EA-96DD-14E0350A760E} = {63B0FFD6-CB91-41EA-96DD-14E0350A760E}
	EndProjectSection
EndProject
Project("{FAE04EC0-301F-11D3-BF4B-00C04F79EFBC}") = "VSTO.Models", "VSTO.Models\VSTO.Models.csproj", "{63B0FFD6-CB91-41EA-96DD-14E0350A760E}"
EndProject
Project("{FAE04EC0-301F-11D3-BF4B-00C04F79EFBC}") = "VSTO.Extension", "VSTO.Extension\VSTO.Extension.csproj", "{74A82C17-7831-48FC-B44F-B9E59A8DCB4D}"
EndProject
Global
	GlobalSection(SolutionConfigurationPlatforms) = preSolution
		Debug|Any CPU = Debug|Any CPU
		Release|Any CPU = Release|Any CPU
	EndGlobalSection
	GlobalSection(ProjectConfigurationPlatforms) = postSolution
		{33AA993C-F670-4F94-A90C-0F1FFD9D8251}.Debug|Any CPU.ActiveCfg = Debug|Any CPU
		{33AA993C-F670-4F94-A90C-0F1FFD9D8251}.Debug|Any CPU.Build.0 = Debug|Any CPU
		{33AA993C-F670-4F94-A90C-0F1FFD9D8251}.Release|Any CPU.ActiveCfg = Release|Any CPU
		{33AA993C-F670-4F94-A90C-0F1FFD9D8251}.Release|Any CPU.Build.0 = Release|Any CPU
		{398201AF-2D2C-4FEC-B619-327F4E73E4BF}.Debug|Any CPU.ActiveCfg = Debug|Any CPU
		{398201AF-2D2C-4FEC-B619-327F4E73E4BF}.Debug|Any CPU.Build.0 = Debug|Any CPU
		{398201AF-2D2C-4FEC-B619-327F4E73E4BF}.Release|Any CPU.ActiveCfg = Release|Any CPU
		{398201AF-2D2C-4FEC-B619-327F4E73E4BF}.Release|Any CPU.Build.0 = Release|Any CPU
		{AB0E390A-99EC-41AB-B1AB-EBD1BE5DD3E3}.Debug|Any CPU.ActiveCfg = Debug|Any CPU
		{AB0E390A-99EC-41AB-B1AB-EBD1BE5DD3E3}.Debug|Any CPU.Build.0 = Debug|Any CPU
		{AB0E390A-99EC-41AB-B1AB-EBD1BE5DD3E3}.Release|Any CPU.ActiveCfg = Release|Any CPU
		{AB0E390A-99EC-41AB-B1AB-EBD1BE5DD3E3}.Release|Any CPU.Build.0 = Release|Any CPU
		{63B0FFD6-CB91-41EA-96DD-14E0350A760E}.Debug|Any CPU.ActiveCfg = Debug|Any CPU
		{63B0FFD6-CB91-41EA-96DD-14E0350A760E}.Debug|Any CPU.Build.0 = Debug|Any CPU
		{63B0FFD6-CB91-41EA-96DD-14E0350A760E}.Release|Any CPU.ActiveCfg = Release|Any CPU
		{63B0FFD6-CB91-41EA-96DD-14E0350A760E}.Release|Any CPU.Build.0 = Release|Any CPU
		{74A82C17-7831-48FC-B44F-B9E59A8DCB4D}.Debug|Any CPU.ActiveCfg = Debug|Any CPU
		{74A82C17-7831-48FC-B44F-B9E59A8DCB4D}.Debug|Any CPU.Build.0 = Debug|Any CPU
		{74A82C17-7831-48FC-B44F-B9E59A8DCB4D}.Release|Any CPU.ActiveCfg = Release|Any CPU
		{74A82C17-7831-48FC-B44F-B9E59A8DCB4D}.Release|Any CPU.Build.0 = Release|Any CPU
	EndGlobalSection
	GlobalSection(SolutionProperties) = preSolution
		HideSolutionNode = FALSE
	EndGlobalSection
	GlobalSection(ExtensibilityGlobals) = postSolution
		SolutionGuid = {5C19E3B4-E4FE-4E7A-8AE1-E0848F9D7D00}
	EndGlobalSection
EndGlobal
